
Microsoft Visual Studio Solution File, Format Version 12.00
# Visual Studio Version 17
VisualStudioVersion = 17.9.34723.18
MinimumVisualStudioVersion = 10.0.40219.1
Project("{FAE04EC0-301F-11D3-BF4B-00C04F79EFBC}") = "Presentacion", "Presentacion.csproj", "{51183169-718E-40B0-863C-1A2D351157A6}"
EndProject
Project("{FAE04EC0-301F-11D3-BF4B-00C04F79EFBC}") = "Datos", "Datos\Datos.csproj", "{554D8554-6C49-4C28-8DBC-2DC7A9719EE0}"
EndProject
Project("{FAE04EC0-301F-11D3-BF4B-00C04F79EFBC}") = "Negocio", "Negocio\Negocio.csproj", "{5E0ED9D9-0060-49A6-AFC3-2BA1514A1C78}"
EndProject
Project("{FAE04EC0-301F-11D3-BF4B-00C04F79EFBC}") = "Entidad", "Entidad\Entidad.csproj", "{35C49B25-468B-40A5-A2CD-B7727112FD56}"
EndProject
Global
	GlobalSection(SolutionConfigurationPlatforms) = preSolution
		Debug|Any CPU = Debug|Any CPU
		Release|Any CPU = Release|Any CPU
	EndGlobalSection
	GlobalSection(ProjectConfigurationPlatforms) = postSolution
		{51183169-718E-40B0-863C-1A2D351157A6}.Debug|Any CPU.ActiveCfg = Debug|Any CPU
		{51183169-718E-40B0-863C-1A2D351157A6}.Debug|Any CPU.Build.0 = Debug|Any CPU
		{51183169-718E-40B0-863C-1A2D351157A6}.Release|Any CPU.ActiveCfg = Release|Any CPU
		{51183169-718E-40B0-863C-1A2D351157A6}.Release|Any CPU.Build.0 = Release|Any CPU
		{554D8554-6C49-4C28-8DBC-2DC7A9719EE0}.Debug|Any CPU.ActiveCfg = Debug|Any CPU
		{554D8554-6C49-4C28-8DBC-2DC7A9719EE0}.Debug|Any CPU.Build.0 = Debug|Any CPU
		{554D8554-6C49-4C28-8DBC-2DC7A9719EE0}.Release|Any CPU.ActiveCfg = Release|Any CPU
		{554D8554-6C49-4C28-8DBC-2DC7A9719EE0}.Release|Any CPU.Build.0 = Release|Any CPU
		{5E0ED9D9-0060-49A6-AFC3-2BA1514A1C78}.Debug|Any CPU.ActiveCfg = Debug|Any CPU
		{5E0ED9D9-0060-49A6-AFC3-2BA1514A1C78}.Debug|Any CPU.Build.0 = Debug|Any CPU
		{5E0ED9D9-0060-49A6-AFC3-2BA1514A1C78}.Release|Any CPU.ActiveCfg = Release|Any CPU
		{5E0ED9D9-0060-49A6-AFC3-2BA1514A1C78}.Release|Any CPU.Build.0 = Release|Any CPU
		{35C49B25-468B-40A5-A2CD-B7727112FD56}.Debug|Any CPU.ActiveCfg = Debug|Any CPU
		{35C49B25-468B-40A5-A2CD-B7727112FD56}.Debug|Any CPU.Build.0 = Debug|Any CPU
		{35C49B25-468B-40A5-A2CD-B7727112FD56}.Release|Any CPU.ActiveCfg = Release|Any CPU
		{35C49B25-468B-40A5-A2CD-B7727112FD56}.Release|Any CPU.Build.0 = Release|Any CPU
	EndGlobalSection
	GlobalSection(SolutionProperties) = preSolution
		HideSolutionNode = FALSE
	EndGlobalSection
	GlobalSection(ExtensibilityGlobals) = postSolution
		SolutionGuid = {E66379BE-3CD5-4735-BF49-26659CB28AB1}
	EndGlobalSection
EndGlobal
